// !$*UTF8*$!
{
	archiveVersion = 1;
	classes = {
	};
	objectVersion = 50;
	objects = {

/* Begin PBXBuildFile section */
		1AE0CF57241E767C0070EE9B /* AppDelegate.swift in Sources */ = {isa = PBXBuildFile; fileRef = 1AE0CF56241E767C0070EE9B /* AppDelegate.swift */; };
		1AE0CF59241E767C0070EE9B /* SceneDelegate.swift in Sources */ = {isa = PBXBuildFile; fileRef = 1AE0CF58241E767C0070EE9B /* SceneDelegate.swift */; };
		1AE0CF5B241E767C0070EE9B /* ViewController.swift in Sources */ = {isa = PBXBuildFile; fileRef = 1AE0CF5A241E767C0070EE9B /* ViewController.swift */; };
		1AE0CF5E241E767C0070EE9B /* Main.storyboard in Resources */ = {isa = PBXBuildFile; fileRef = 1AE0CF5C241E767C0070EE9B /* Main.storyboard */; };
		1AE0CF60241E767E0070EE9B /* Assets.xcassets in Resources */ = {isa = PBXBuildFile; fileRef = 1AE0CF5F241E767E0070EE9B /* Assets.xcassets */; };
		1AE0CF63241E767E0070EE9B /* LaunchScreen.storyboard in Resources */ = {isa = PBXBuildFile; fileRef = 1AE0CF61241E767E0070EE9B /* LaunchScreen.storyboard */; };
		1AE0CF6E241E767E0070EE9B /* gut_hub_test_2Tests.swift in Sources */ = {isa = PBXBuildFile; fileRef = 1AE0CF6D241E767E0070EE9B /* gut_hub_test_2Tests.swift */; };
		1AE0CF79241E767E0070EE9B /* gut_hub_test_2UITests.swift in Sources */ = {isa = PBXBuildFile; fileRef = 1AE0CF78241E767E0070EE9B /* gut_hub_test_2UITests.swift */; };
/* End PBXBuildFile section */

/* Begin PBXContainerItemProxy section */
		1AE0CF6A241E767E0070EE9B /* PBXContainerItemProxy */ = {
			isa = PBXContainerItemProxy;
			containerPortal = 1AE0CF4B241E767C0070EE9B /* Project object */;
			proxyType = 1;
			remoteGlobalIDString = 1AE0CF52241E767C0070EE9B;
			remoteInfo = "gut hub test 2";
		};
		1AE0CF75241E767E0070EE9B /* PBXContainerItemProxy */ = {
			isa = PBXContainerItemProxy;
			containerPortal = 1AE0CF4B241E767C0070EE9B /* Project object */;
			proxyType = 1;
			remoteGlobalIDString = 1AE0CF52241E767C0070EE9B;
			remoteInfo = "gut hub test 2";
		};
/* End PBXContainerItemProxy section */

/* Begin PBXFileReference section */
		1AE0CF53241E767C0070EE9B /* gut hub test 2.app */ = {isa = PBXFileReference; explicitFileType = wrapper.application; includeInIndex = 0; path = "gut hub test 2.app"; sourceTree = BUILT_PRODUCTS_DIR; };
		1AE0CF56241E767C0070EE9B /* AppDelegate.swift */ = {isa = PBXFileReference; lastKnownFileType = sourcecode.swift; path = AppDelegate.swift; sourceTree = "<group>"; };
		1AE0CF58241E767C0070EE9B /* SceneDelegate.swift */ = {isa = PBXFileReference; lastKnownFileType = sourcecode.swift; path = SceneDelegate.swift; sourceTree = "<group>"; };
		1AE0CF5A241E767C0070EE9B /* ViewController.swift */ = {isa = PBXFileReference; lastKnownFileType = sourcecode.swift; path = ViewController.swift; sourceTree = "<group>"; };
		1AE0CF5D241E767C0070EE9B /* Base */ = {isa = PBXFileReference; lastKnownFileType = file.storyboard; name = Base; path = Base.lproj/Main.storyboard; sourceTree = "<group>"; };
		1AE0CF5F241E767E0070EE9B /* Assets.xcassets */ = {isa = PBXFileReference; lastKnownFileType = folder.assetcatalog; path = Assets.xcassets; sourceTree = "<group>"; };
		1AE0CF62241E767E0070EE9B /* Base */ = {isa = PBXFileReference; lastKnownFileType = file.storyboard; name = Base; path = Base.lproj/LaunchScreen.storyboard; sourceTree = "<group>"; };
		1AE0CF64241E767E0070EE9B /* Info.plist */ = {isa = PBXFileReference; lastKnownFileType = text.plist.xml; path = Info.plist; sourceTree = "<group>"; };
		1AE0CF69241E767E0070EE9B /* gut hub test 2Tests.xctest */ = {isa = PBXFileReference; explicitFileType = wrapper.cfbundle; includeInIndex = 0; path = "gut hub test 2Tests.xctest"; sourceTree = BUILT_PRODUCTS_DIR; };
		1AE0CF6D241E767E0070EE9B /* gut_hub_test_2Tests.swift */ = {isa = PBXFileReference; lastKnownFileType = sourcecode.swift; path = gut_hub_test_2Tests.swift; sourceTree = "<group>"; };
		1AE0CF6F241E767E0070EE9B /* Info.plist */ = {isa = PBXFileReference; lastKnownFileType = text.plist.xml; path = Info.plist; sourceTree = "<group>"; };
		1AE0CF74241E767E0070EE9B /* gut hub test 2UITests.xctest */ = {isa = PBXFileReference; explicitFileType = wrapper.cfbundle; includeInIndex = 0; path = "gut hub test 2UITests.xctest"; sourceTree = BUILT_PRODUCTS_DIR; };
		1AE0CF78241E767E0070EE9B /* gut_hub_test_2UITests.swift */ = {isa = PBXFileReference; lastKnownFileType = sourcecode.swift; path = gut_hub_test_2UITests.swift; sourceTree = "<group>"; };
		1AE0CF7A241E767F0070EE9B /* Info.plist */ = {isa = PBXFileReference; lastKnownFileType = text.plist.xml; path = Info.plist; sourceTree = "<group>"; };
/* End PBXFileReference section */

/* Begin PBXFrameworksBuildPhase section */
		1AE0CF50241E767C0070EE9B /* Frameworks */ = {
			isa = PBXFrameworksBuildPhase;
			buildActionMask = 2147483647;
			files = (
			);
			runOnlyForDeploymentPostprocessing = 0;
		};
		1AE0CF66241E767E0070EE9B /* Frameworks */ = {
			isa = PBXFrameworksBuildPhase;
			buildActionMask = 2147483647;
			files = (
			);
			runOnlyForDeploymentPostprocessing = 0;
		};
		1AE0CF71241E767E0070EE9B /* Frameworks */ = {
			isa = PBXFrameworksBuildPhase;
			buildActionMask = 2147483647;
			files = (
			);
			runOnlyForDeploymentPostprocessing = 0;
		};
/* End PBXFrameworksBuildPhase section */

/* Begin PBXGroup section */
		1AE0CF4A241E767C0070EE9B = {
			isa = PBXGroup;
			children = (
				1AE0CF55241E767C0070EE9B /* gut hub test 2 */,
				1AE0CF6C241E767E0070EE9B /* gut hub test 2Tests */,
				1AE0CF77241E767E0070EE9B /* gut hub test 2UITests */,
				1AE0CF54241E767C0070EE9B /* Products */,
			);
			sourceTree = "<group>";
		};
		1AE0CF54241E767C0070EE9B /* Products */ = {
			isa = PBXGroup;
			children = (
				1AE0CF53241E767C0070EE9B /* gut hub test 2.app */,
				1AE0CF69241E767E0070EE9B /* gut hub test 2Tests.xctest */,
				1AE0CF74241E767E0070EE9B /* gut hub test 2UITests.xctest */,
			);
			name = Products;
			sourceTree = "<group>";
		};
		1AE0CF55241E767C0070EE9B /* gut hub test 2 */ = {
			isa = PBXGroup;
			children = (
				1AE0CF56241E767C0070EE9B /* AppDelegate.swift */,
				1AE0CF58241E767C0070EE9B /* SceneDelegate.swift */,
				1AE0CF5A241E767C0070EE9B /* ViewController.swift */,
				1AE0CF5C241E767C0070EE9B /* Main.storyboard */,
				1AE0CF5F241E767E0070EE9B /* Assets.xcassets */,
				1AE0CF61241E767E0070EE9B /* LaunchScreen.storyboard */,
				1AE0CF64241E767E0070EE9B /* Info.plist */,
			);
			path = "gut hub test 2";
			sourceTree = "<group>";
		};
		1AE0CF6C241E767E0070EE9B /* gut hub test 2Tests */ = {
			isa = PBXGroup;
			children = (
				1AE0CF6D241E767E0070EE9B /* gut_hub_test_2Tests.swift */,
				1AE0CF6F241E767E0070EE9B /* Info.plist */,
			);
			path = "gut hub test 2Tests";
			sourceTree = "<group>";
		};
		1AE0CF77241E767E0070EE9B /* gut hub test 2UITests */ = {
			isa = PBXGroup;
			children = (
				1AE0CF78241E767E0070EE9B /* gut_hub_test_2UITests.swift */,
				1AE0CF7A241E767F0070EE9B /* Info.plist */,
			);
			path = "gut hub test 2UITests";
			sourceTree = "<group>";
		};
/* End PBXGroup section */

/* Begin PBXNativeTarget section */
		1AE0CF52241E767C0070EE9B /* gut hub test 2 */ = {
			isa = PBXNativeTarget;
			buildConfigurationList = 1AE0CF7D241E767F0070EE9B /* Build configuration list for PBXNativeTarget "gut hub test 2" */;
			buildPhases = (
				1AE0CF4F241E767C0070EE9B /* Sources */,
				1AE0CF50241E767C0070EE9B /* Frameworks */,
				1AE0CF51241E767C0070EE9B /* Resources */,
			);
			buildRules = (
			);
			dependencies = (
			);
			name = "gut hub test 2";
			productName = "gut hub test 2";
			productReference = 1AE0CF53241E767C0070EE9B /* gut hub test 2.app */;
			productType = "com.apple.product-type.application";
		};
		1AE0CF68241E767E0070EE9B /* gut hub test 2Tests */ = {
			isa = PBXNativeTarget;
			buildConfigurationList = 1AE0CF80241E767F0070EE9B /* Build configuration list for PBXNativeTarget "gut hub test 2Tests" */;
			buildPhases = (
				1AE0CF65241E767E0070EE9B /* Sources */,
				1AE0CF66241E767E0070EE9B /* Frameworks */,
				1AE0CF67241E767E0070EE9B /* Resources */,
			);
			buildRules = (
			);
			dependencies = (
				1AE0CF6B241E767E0070EE9B /* PBXTargetDependency */,
			);
			name = "gut hub test 2Tests";
			productName = "gut hub test 2Tests";
			productReference = 1AE0CF69241E767E0070EE9B /* gut hub test 2Tests.xctest */;
			productType = "com.apple.product-type.bundle.unit-test";
		};
		1AE0CF73241E767E0070EE9B /* gut hub test 2UITests */ = {
			isa = PBXNativeTarget;
			buildConfigurationList = 1AE0CF83241E767F0070EE9B /* Build configuration list for PBXNativeTarget "gut hub test 2UITests" */;
			buildPhases = (
				1AE0CF70241E767E0070EE9B /* Sources */,
				1AE0CF71241E767E0070EE9B /* Frameworks */,
				1AE0CF72241E767E0070EE9B /* Resources */,
			);
			buildRules = (
			);
			dependencies = (
				1AE0CF76241E767E0070EE9B /* PBXTargetDependency */,
			);
			name = "gut hub test 2UITests";
			productName = "gut hub test 2UITests";
			productReference = 1AE0CF74241E767E0070EE9B /* gut hub test 2UITests.xctest */;
			productType = "com.apple.product-type.bundle.ui-testing";
		};
/* End PBXNativeTarget section */

/* Begin PBXProject section */
		1AE0CF4B241E767C0070EE9B /* Project object */ = {
			isa = PBXProject;
			attributes = {
				LastSwiftUpdateCheck = 1130;
				LastUpgradeCheck = 1130;
				ORGANIZATIONNAME = "歌川純平";
				TargetAttributes = {
					1AE0CF52241E767C0070EE9B = {
						CreatedOnToolsVersion = 11.3.1;
					};
					1AE0CF68241E767E0070EE9B = {
						CreatedOnToolsVersion = 11.3.1;
						TestTargetID = 1AE0CF52241E767C0070EE9B;
					};
					1AE0CF73241E767E0070EE9B = {
						CreatedOnToolsVersion = 11.3.1;
						TestTargetID = 1AE0CF52241E767C0070EE9B;
					};
				};
			};
			buildConfigurationList = 1AE0CF4E241E767C0070EE9B /* Build configuration list for PBXProject "gut hub test 2" */;
			compatibilityVersion = "Xcode 9.3";
			developmentRegion = en;
			hasScannedForEncodings = 0;
			knownRegions = (
				en,
				Base,
			);
			mainGroup = 1AE0CF4A241E767C0070EE9B;
			productRefGroup = 1AE0CF54241E767C0070EE9B /* Products */;
			projectDirPath = "";
			projectRoot = "";
			targets = (
				1AE0CF52241E767C0070EE9B /* gut hub test 2 */,
				1AE0CF68241E767E0070EE9B /* gut hub test 2Tests */,
				1AE0CF73241E767E0070EE9B /* gut hub test 2UITests */,
			);
		};
/* End PBXProject section */

/* Begin PBXResourcesBuildPhase section */
		1AE0CF51241E767C0070EE9B /* Resources */ = {
			isa = PBXResourcesBuildPhase;
			buildActionMask = 2147483647;
			files = (
				1AE0CF63241E767E0070EE9B /* LaunchScreen.storyboard in Resources */,
				1AE0CF60241E767E0070EE9B /* Assets.xcassets in Resources */,
				1AE0CF5E241E767C0070EE9B /* Main.storyboard in Resources */,
			);
			runOnlyForDeploymentPostprocessing = 0;
		};
		1AE0CF67241E767E0070EE9B /* Resources */ = {
			isa = PBXResourcesBuildPhase;
			buildActionMask = 2147483647;
			files = (
			);
			runOnlyForDeploymentPostprocessing = 0;
		};
		1AE0CF72241E767E0070EE9B /* Resources */ = {
			isa = PBXResourcesBuildPhase;
			buildActionMask = 2147483647;
			files = (
			);
			runOnlyForDeploymentPostprocessing = 0;
		};
/* End PBXResourcesBuildPhase section */

/* Begin PBXSourcesBuildPhase section */
		1AE0CF4F241E767C0070EE9B /* Sources */ = {
			isa = PBXSourcesBuildPhase;
			buildActionMask = 2147483647;
			files = (
				1AE0CF5B241E767C0070EE9B /* ViewController.swift in Sources */,
				1AE0CF57241E767C0070EE9B /* AppDelegate.swift in Sources */,
				1AE0CF59241E767C0070EE9B /* SceneDelegate.swift in Sources */,
			);
			runOnlyForDeploymentPostprocessing = 0;
		};
		1AE0CF65241E767E0070EE9B /* Sources */ = {
			isa = PBXSourcesBuildPhase;
			buildActionMask = 2147483647;
			files = (
				1AE0CF6E241E767E0070EE9B /* gut_hub_test_2Tests.swift in Sources */,
			);
			runOnlyForDeploymentPostprocessing = 0;
		};
		1AE0CF70241E767E0070EE9B /* Sources */ = {
			isa = PBXSourcesBuildPhase;
			buildActionMask = 2147483647;
			files = (
				1AE0CF79241E767E0070EE9B /* gut_hub_test_2UITests.swift in Sources */,
			);
			runOnlyForDeploymentPostprocessing = 0;
		};
/* End PBXSourcesBuildPhase section */

/* Begin PBXTargetDependency section */
		1AE0CF6B241E767E0070EE9B /* PBXTargetDependency */ = {
			isa = PBXTargetDependency;
			target = 1AE0CF52241E767C0070EE9B /* gut hub test 2 */;
			targetProxy = 1AE0CF6A241E767E0070EE9B /* PBXContainerItemProxy */;
		};
		1AE0CF76241E767E0070EE9B /* PBXTargetDependency */ = {
			isa = PBXTargetDependency;
			target = 1AE0CF52241E767C0070EE9B /* gut hub test 2 */;
			targetProxy = 1AE0CF75241E767E0070EE9B /* PBXContainerItemProxy */;
		};
/* End PBXTargetDependency section */

/* Begin PBXVariantGroup section */
		1AE0CF5C241E767C0070EE9B /* Main.storyboard */ = {
			isa = PBXVariantGroup;
			children = (
				1AE0CF5D241E767C0070EE9B /* Base */,
			);
			name = Main.storyboard;
			sourceTree = "<group>";
		};
		1AE0CF61241E767E0070EE9B /* LaunchScreen.storyboard */ = {
			isa = PBXVariantGroup;
			children = (
				1AE0CF62241E767E0070EE9B /* Base */,
			);
			name = LaunchScreen.storyboard;
			sourceTree = "<group>";
		};
/* End PBXVariantGroup section */

/* Begin XCBuildConfiguration section */
		1AE0CF7B241E767F0070EE9B /* Debug */ = {
			isa = XCBuildConfiguration;
			buildSettings = {
				ALWAYS_SEARCH_USER_PATHS = NO;
				CLANG_ANALYZER_NONNULL = YES;
				CLANG_ANALYZER_NUMBER_OBJECT_CONVERSION = YES_AGGRESSIVE;
				CLANG_CXX_LANGUAGE_STANDARD = "gnu++14";
				CLANG_CXX_LIBRARY = "libc++";
				CLANG_ENABLE_MODULES = YES;
				CLANG_ENABLE_OBJC_ARC = YES;
				CLANG_ENABLE_OBJC_WEAK = YES;
				CLANG_WARN_BLOCK_CAPTURE_AUTORELEASING = YES;
				CLANG_WARN_BOOL_CONVERSION = YES;
				CLANG_WARN_COMMA = YES;
				CLANG_WARN_CONSTANT_CONVERSION = YES;
				CLANG_WARN_DEPRECATED_OBJC_IMPLEMENTATIONS = YES;
				CLANG_WARN_DIRECT_OBJC_ISA_USAGE = YES_ERROR;
				CLANG_WARN_DOCUMENTATION_COMMENTS = YES;
				CLANG_WARN_EMPTY_BODY = YES;
				CLANG_WARN_ENUM_CONVERSION = YES;
				CLANG_WARN_INFINITE_RECURSION = YES;
				CLANG_WARN_INT_CONVERSION = YES;
				CLANG_WARN_NON_LITERAL_NULL_CONVERSION = YES;
				CLANG_WARN_OBJC_IMPLICIT_RETAIN_SELF = YES;
				CLANG_WARN_OBJC_LITERAL_CONVERSION = YES;
				CLANG_WARN_OBJC_ROOT_CLASS = YES_ERROR;
				CLANG_WARN_RANGE_LOOP_ANALYSIS = YES;
				CLANG_WARN_STRICT_PROTOTYPES = YES;
				CLANG_WARN_SUSPICIOUS_MOVE = YES;
				CLANG_WARN_UNGUARDED_AVAILABILITY = YES_AGGRESSIVE;
				CLANG_WARN_UNREACHABLE_CODE = YES;
				CLANG_WARN__DUPLICATE_METHOD_MATCH = YES;
				COPY_PHASE_STRIP = NO;
				DEBUG_INFORMATION_FORMAT = dwarf;
				ENABLE_STRICT_OBJC_MSGSEND = YES;
				ENABLE_TESTABILITY = YES;
				GCC_C_LANGUAGE_STANDARD = gnu11;
				GCC_DYNAMIC_NO_PIC = NO;
				GCC_NO_COMMON_BLOCKS = YES;
				GCC_OPTIMIZATION_LEVEL = 0;
				GCC_PREPROCESSOR_DEFINITIONS = (
					"DEBUG=1",
					"$(inherited)",
				);
				GCC_WARN_64_TO_32_BIT_CONVERSION = YES;
				GCC_WARN_ABOUT_RETURN_TYPE = YES_ERROR;
				GCC_WARN_UNDECLARED_SELECTOR = YES;
				GCC_WARN_UNINITIALIZED_AUTOS = YES_AGGRESSIVE;
				GCC_WARN_UNUSED_FUNCTION = YES;
				GCC_WARN_UNUSED_VARIABLE = YES;
				IPHONEOS_DEPLOYMENT_TARGET = 13.2;
				MTL_ENABLE_DEBUG_INFO = INCLUDE_SOURCE;
				MTL_FAST_MATH = YES;
				ONLY_ACTIVE_ARCH = YES;
				SDKROOT = iphoneos;
				SWIFT_ACTIVE_COMPILATION_CONDITIONS = DEBUG;
				SWIFT_OPTIMIZATION_LEVEL = "-Onone";
			};
			name = Debug;
		};
		1AE0CF7C241E767F0070EE9B /* Release */ = {
			isa = XCBuildConfiguration;
			buildSettings = {
				ALWAYS_SEARCH_USER_PATHS = NO;
				CLANG_ANALYZER_NONNULL = YES;
				CLANG_ANALYZER_NUMBER_OBJECT_CONVERSION = YES_AGGRESSIVE;
				CLANG_CXX_LANGUAGE_STANDARD = "gnu++14";
				CLANG_CXX_LIBRARY = "libc++";
				CLANG_ENABLE_MODULES = YES;
				CLANG_ENABLE_OBJC_ARC = YES;
				CLANG_ENABLE_OBJC_WEAK = YES;
				CLANG_WARN_BLOCK_CAPTURE_AUTORELEASING = YES;
				CLANG_WARN_BOOL_CONVERSION = YES;
				CLANG_WARN_COMMA = YES;
				CLANG_WARN_CONSTANT_CONVERSION = YES;
				CLANG_WARN_DEPRECATED_OBJC_IMPLEMENTATIONS = YES;
				CLANG_WARN_DIRECT_OBJC_ISA_USAGE = YES_ERROR;
				CLANG_WARN_DOCUMENTATION_COMMENTS = YES;
				CLANG_WARN_EMPTY_BODY = YES;
				CLANG_WARN_ENUM_CONVERSION = YES;
				CLANG_WARN_INFINITE_RECURSION = YES;
				CLANG_WARN_INT_CONVERSION = YES;
				CLANG_WARN_NON_LITERAL_NULL_CONVERSION = YES;
				CLANG_WARN_OBJC_IMPLICIT_RETAIN_SELF = YES;
				CLANG_WARN_OBJC_LITERAL_CONVERSION = YES;
				CLANG_WARN_OBJC_ROOT_CLASS = YES_ERROR;
				CLANG_WARN_RANGE_LOOP_ANALYSIS = YES;
				CLANG_WARN_STRICT_PROTOTYPES = YES;
				CLANG_WARN_SUSPICIOUS_MOVE = YES;
				CLANG_WARN_UNGUARDED_AVAILABILITY = YES_AGGRESSIVE;
				CLANG_WARN_UNREACHABLE_CODE = YES;
				CLANG_WARN__DUPLICATE_METHOD_MATCH = YES;
				COPY_PHASE_STRIP = NO;
				DEBUG_INFORMATION_FORMAT = "dwarf-with-dsym";
				ENABLE_NS_ASSERTIONS = NO;
				ENABLE_STRICT_OBJC_MSGSEND = YES;
				GCC_C_LANGUAGE_STANDARD = gnu11;
				GCC_NO_COMMON_BLOCKS = YES;
				GCC_WARN_64_TO_32_BIT_CONVERSION = YES;
				GCC_WARN_ABOUT_RETURN_TYPE = YES_ERROR;
				GCC_WARN_UNDECLARED_SELECTOR = YES;
				GCC_WARN_UNINITIALIZED_AUTOS = YES_AGGRESSIVE;
				GCC_WARN_UNUSED_FUNCTION = YES;
				GCC_WARN_UNUSED_VARIABLE = YES;
				IPHONEOS_DEPLOYMENT_TARGET = 13.2;
				MTL_ENABLE_DEBUG_INFO = NO;
				MTL_FAST_MATH = YES;
				SDKROOT = iphoneos;
				SWIFT_COMPILATION_MODE = wholemodule;
				SWIFT_OPTIMIZATION_LEVEL = "-O";
				VALIDATE_PRODUCT = YES;
			};
			name = Release;
		};
		1AE0CF7E241E767F0070EE9B /* Debug */ = {
			isa = XCBuildConfiguration;
			buildSettings = {
				ASSETCATALOG_COMPILER_APPICON_NAME = AppIcon;
				CODE_SIGN_STYLE = Automatic;
				DEVELOPMENT_TEAM = RSSA7Y558N;
				INFOPLIST_FILE = "gut hub test 2/Info.plist";
				LD_RUNPATH_SEARCH_PATHS = (
					"$(inherited)",
					"@executable_path/Frameworks",
				);
				PRODUCT_BUNDLE_IDENTIFIER = "com.gut-hub-test-2";
				PRODUCT_NAME = "$(TARGET_NAME)";
				SWIFT_VERSION = 5.0;
				TARGETED_DEVICE_FAMILY = "1,2";
			};
			name = Debug;
		};
		1AE0CF7F241E767F0070EE9B /* Release */ = {
			isa = XCBuildConfiguration;
			buildSettings = {
				ASSETCATALOG_COMPILER_APPICON_NAME = AppIcon;
				CODE_SIGN_STYLE = Automatic;
				DEVELOPMENT_TEAM = RSSA7Y558N;
				INFOPLIST_FILE = "gut hub test 2/Info.plist";
				LD_RUNPATH_SEARCH_PATHS = (
					"$(inherited)",
					"@executable_path/Frameworks",
				);
				PRODUCT_BUNDLE_IDENTIFIER = "com.gut-hub-test-2";
				PRODUCT_NAME = "$(TARGET_NAME)";
				SWIFT_VERSION = 5.0;
				TARGETED_DEVICE_FAMILY = "1,2";
			};
			name = Release;
		};
		1AE0CF81241E767F0070EE9B /* Debug */ = {
			isa = XCBuildConfiguration;
			buildSettings = {
				ALWAYS_EMBED_SWIFT_STANDARD_LIBRARIES = YES;
				BUNDLE_LOADER = "$(TEST_HOST)";
				CODE_SIGN_STYLE = Automatic;
				DEVELOPMENT_TEAM = RSSA7Y558N;
				INFOPLIST_FILE = "gut hub test 2Tests/Info.plist";
				IPHONEOS_DEPLOYMENT_TARGET = 13.2;
				LD_RUNPATH_SEARCH_PATHS = (
					"$(inherited)",
					"@executable_path/Frameworks",
					"@loader_path/Frameworks",
				);
				PRODUCT_BUNDLE_IDENTIFIER = "com.gut-hub-test-2Tests";
				PRODUCT_NAME = "$(TARGET_NAME)";
				SWIFT_VERSION = 5.0;
				TARGETED_DEVICE_FAMILY = "1,2";
				TEST_HOST = "$(BUILT_PRODUCTS_DIR)/gut hub test 2.app/gut hub test 2";
			};
			name = Debug;
		};
		1AE0CF82241E767F0070EE9B /* Release */ = {
			isa = XCBuildConfiguration;
			buildSettings = {
				ALWAYS_EMBED_SWIFT_STANDARD_LIBRARIES = YES;
				BUNDLE_LOADER = "$(TEST_HOST)";
				CODE_SIGN_STYLE = Automatic;
				DEVELOPMENT_TEAM = RSSA7Y558N;
				INFOPLIST_FILE = "gut hub test 2Tests/Info.plist";
				IPHONEOS_DEPLOYMENT_TARGET = 13.2;
				LD_RUNPATH_SEARCH_PATHS = (
					"$(inherited)",
					"@executable_path/Frameworks",
					"@loader_path/Frameworks",
				);
				PRODUCT_BUNDLE_IDENTIFIER = "com.gut-hub-test-2Tests";
				PRODUCT_NAME = "$(TARGET_NAME)";
				SWIFT_VERSION = 5.0;
				TARGETED_DEVICE_FAMILY = "1,2";
				TEST_HOST = "$(BUILT_PRODUCTS_DIR)/gut hub test 2.app/gut hub test 2";
			};
			name = Release;
		};
		1AE0CF84241E767F0070EE9B /* Debug */ = {
			isa = XCBuildConfiguration;
			buildSettings = {
				ALWAYS_EMBED_SWIFT_STANDARD_LIBRARIES = YES;
				CODE_SIGN_STYLE = Automatic;
				DEVELOPMENT_TEAM = RSSA7Y558N;
				INFOPLIST_FILE = "gut hub test 2UITests/Info.plist";
				LD_RUNPATH_SEARCH_PATHS = (
					"$(inherited)",
					"@executable_path/Frameworks",
					"@loader_path/Frameworks",
				);
				PRODUCT_BUNDLE_IDENTIFIER = "com.gut-hub-test-2UITests";
				PRODUCT_NAME = "$(TARGET_NAME)";
				SWIFT_VERSION = 5.0;
				TARGETED_DEVICE_FAMILY = "1,2";
				TEST_TARGET_NAME = "gut hub test 2";
			};
			name = Debug;
		};
		1AE0CF85241E767F0070EE9B /* Release */ = {
			isa = XCBuildConfiguration;
			buildSettings = {
				ALWAYS_EMBED_SWIFT_STANDARD_LIBRARIES = YES;
				CODE_SIGN_STYLE = Automatic;
				DEVELOPMENT_TEAM = RSSA7Y558N;
				INFOPLIST_FILE = "gut hub test 2UITests/Info.plist";
				LD_RUNPATH_SEARCH_PATHS = (
					"$(inherited)",
					"@executable_path/Frameworks",
					"@loader_path/Frameworks",
				);
				PRODUCT_BUNDLE_IDENTIFIER = "com.gut-hub-test-2UITests";
				PRODUCT_NAME = "$(TARGET_NAME)";
				SWIFT_VERSION = 5.0;
				TARGETED_DEVICE_FAMILY = "1,2";
				TEST_TARGET_NAME = "gut hub test 2";
			};
			name = Release;
		};
/* End XCBuildConfiguration section */

/* Begin XCConfigurationList section */
		1AE0CF4E241E767C0070EE9B /* Build configuration list for PBXProject "gut hub test 2" */ = {
			isa = XCConfigurationList;
			buildConfigurations = (
				1AE0CF7B241E767F0070EE9B /* Debug */,
				1AE0CF7C241E767F0070EE9B /* Release */,
			);
			defaultConfigurationIsVisible = 0;
			defaultConfigurationName = Release;
		};
		1AE0CF7D241E767F0070EE9B /* Build configuration list for PBXNativeTarget "gut hub test 2" */ = {
			isa = XCConfigurationList;
			buildConfigurations = (
				1AE0CF7E241E767F0070EE9B /* Debug */,
				1AE0CF7F241E767F0070EE9B /* Release */,
			);
			defaultConfigurationIsVisible = 0;
			defaultConfigurationName = Release;
		};
		1AE0CF80241E767F0070EE9B /* Build configuration list for PBXNativeTarget "gut hub test 2Tests" */ = {
			isa = XCConfigurationList;
			buildConfigurations = (
				1AE0CF81241E767F0070EE9B /* Debug */,
				1AE0CF82241E767F0070EE9B /* Release */,
			);
			defaultConfigurationIsVisible = 0;
			defaultConfigurationName = Release;
		};
		1AE0CF83241E767F0070EE9B /* Build configuration list for PBXNativeTarget "gut hub test 2UITests" */ = {
			isa = XCConfigurationList;
			buildConfigurations = (
				1AE0CF84241E767F0070EE9B /* Debug */,
				1AE0CF85241E767F0070EE9B /* Release */,
			);
			defaultConfigurationIsVisible = 0;
			defaultConfigurationName = Release;
		};
/* End XCConfigurationList section */
	};
	rootObject = 1AE0CF4B241E767C0070EE9B /* Project object */;
}
